{
    "_meta": {
        "hash": {
            "sha256": "052820bf8c677e3b805c4d7b055dde024072c64664ca34cafad2a71cd4e1541e"
        },
        "pipfile-spec": 6,
        "requires": {
            "python_version": "3.11"
        },
        "sources": [
            {
                "name": "pypi",
                "url": "https://pypi.org/simple",
                "verify_ssl": true
            }
        ]
    },
    "default": {
        "asgiref": {
            "hashes": [
                "sha256:89b2ef2247e3b562a16eef663bc0e2e703ec6468e2fa8a5cd61cd449786d4f6e",
                "sha256:9e0ce3aa93a819ba5b45120216b23878cf6e8525eb3848653452b4192b92afed"
            ],
            "index": "pypi",
            "version": "==3.7.2"
        },
        "brotli": {
            "hashes": [
                "sha256:03d20af184290887bdea3f0f78c4f737d126c74dc2f3ccadf07e54ceca3bf208",
                "sha256:0541e747cce78e24ea12d69176f6a7ddb690e62c425e01d31cc065e69ce55b48",
                "sha256:069a121ac97412d1fe506da790b3e69f52254b9df4eb665cd42460c837193354",
                "sha256:0b63b949ff929fbc2d6d3ce0e924c9b93c9785d877a21a1b678877ffbbc4423a",
                "sha256:0c6244521dda65ea562d5a69b9a26120769b7a9fb3db2fe9545935ed6735b128",
                "sha256:11d00ed0a83fa22d29bc6b64ef636c4552ebafcef57154b4ddd132f5638fbd1c",
                "sha256:141bd4d93984070e097521ed07e2575b46f817d08f9fa42b16b9b5f27b5ac088",
                "sha256:19c116e796420b0cee3da1ccec3b764ed2952ccfcc298b55a10e5610ad7885f9",
                "sha256:1ab4fbee0b2d9098c74f3057b2bc055a8bd92ccf02f65944a241b4349229185a",
                "sha256:1ae56aca0402a0f9a3431cddda62ad71666ca9d4dc3a10a142b9dce2e3c0cda3",
                "sha256:224e57f6eac61cc449f498cc5f0e1725ba2071a3d4f48d5d9dffba42db196438",
                "sha256:22fc2a8549ffe699bfba2256ab2ed0421a7b8fadff114a3d201794e45a9ff578",
                "sha256:23032ae55523cc7bccb4f6a0bf368cd25ad9bcdcc1990b64a647e7bbcce9cb5b",
                "sha256:2333e30a5e00fe0fe55903c8832e08ee9c3b1382aacf4db26664a16528d51b4b",
                "sha256:2954c1c23f81c2eaf0b0717d9380bd348578a94161a65b3a2afc62c86467dd68",
                "sha256:2de9d02f5bda03d27ede52e8cfe7b865b066fa49258cbab568720aa5be80a47d",
                "sha256:30924eb4c57903d5a7526b08ef4a584acc22ab1ffa085faceb521521d2de32dd",
                "sha256:316cc9b17edf613ac76b1f1f305d2a748f1b976b033b049a6ecdfd5612c70409",
                "sha256:38025d9f30cf4634f8309c6874ef871b841eb3c347e90b0851f63d1ded5212da",
                "sha256:39da8adedf6942d76dc3e46653e52df937a3c4d6d18fdc94a7c29d263b1f5b50",
                "sha256:3d7954194c36e304e1523f55d7042c59dc53ec20dd4e9ea9d151f1b62b4415c0",
                "sha256:4093c631e96fdd49e0377a9c167bfd75b6d0bad2ace734c6eb20b348bc3ea180",
                "sha256:43ce1b9935bfa1ede40028054d7f48b5469cd02733a365eec8a329ffd342915d",
                "sha256:4d4a848d1837973bf0f4b5e54e3bec977d99be36a7895c61abb659301b02c112",
                "sha256:4ed11165dd45ce798d99a136808a794a748d5dc38511303239d4e2363c0695dc",
                "sha256:510b5b1bfbe20e1a7b3baf5fed9e9451873559a976c1a78eebaa3b86c57b4265",
                "sha256:524f35912131cc2cabb00edfd8d573b07f2d9f21fa824bd3fb19725a9cf06327",
                "sha256:587ca6d3cef6e4e868102672d3bd9dc9698c309ba56d41c2b9c85bbb903cdb95",
                "sha256:5b3cc074004d968722f51e550b41a27be656ec48f8afaeeb45ebf65b561481dd",
                "sha256:5eeb539606f18a0b232d4ba45adccde4125592f3f636a6182b4a8a436548b914",
                "sha256:5f4d5ea15c9382135076d2fb28dde923352fe02951e66935a9efaac8f10e81b0",
                "sha256:5fb2ce4b8045c78ebbc7b8f3c15062e435d47e7393cc57c25115cfd49883747a",
                "sha256:6172447e1b368dcbc458925e5ddaf9113477b0ed542df258d84fa28fc45ceea7",
                "sha256:6c3020404e0b5eefd7c9485ccf8393cfb75ec38ce75586e046573c9dc29967a0",
                "sha256:70051525001750221daa10907c77830bc889cb6d865cc0b813d9db7fefc21451",
                "sha256:7905193081db9bfa73b1219140b3d315831cbff0d8941f22da695832f0dd188f",
                "sha256:7c4855522edb2e6ae7fdb58e07c3ba9111e7621a8956f481c68d5d979c93032e",
                "sha256:7e4c4629ddad63006efa0ef968c8e4751c5868ff0b1c5c40f76524e894c50248",
                "sha256:7f4bf76817c14aa98cc6697ac02f3972cb8c3da93e9ef16b9c66573a68014f91",
                "sha256:81de08ac11bcb85841e440c13611c00b67d3bf82698314928d0b676362546724",
                "sha256:861bf317735688269936f755fa136a99d1ed526883859f86e41a5d43c61d8966",
                "sha256:890b5a14ce214389b2cc36ce82f3093f96f4cc730c1cffdbefff77a7c71f2a97",
                "sha256:89f4988c7203739d48c6f806f1e87a1d96e0806d44f0fba61dba81392c9e474d",
                "sha256:8dadd1314583ec0bf2d1379f7008ad627cd6336625d6679cf2f8e67081b83acf",
                "sha256:901032ff242d479a0efa956d853d16875d42157f98951c0230f69e69f9c09bac",
                "sha256:906bc3a79de8c4ae5b86d3d75a8b77e44404b0f4261714306e3ad248d8ab0951",
                "sha256:919e32f147ae93a09fe064d77d5ebf4e35502a8df75c29fb05788528e330fe74",
                "sha256:929811df5462e182b13920da56c6e0284af407d1de637d8e536c5cd00a7daf60",
                "sha256:949f3b7c29912693cee0afcf09acd6ebc04c57af949d9bf77d6101ebb61e388c",
                "sha256:a090ca607cbb6a34b0391776f0cb48062081f5f60ddcce5d11838e67a01928d1",
                "sha256:a1fd8a29719ccce974d523580987b7f8229aeace506952fa9ce1d53a033873c8",
                "sha256:a37b8f0391212d29b3a91a799c8e4a2855e0576911cdfb2515487e30e322253d",
                "sha256:a3daabb76a78f829cafc365531c972016e4aa8d5b4bf60660ad8ecee19df7ccc",
                "sha256:a469274ad18dc0e4d316eefa616d1d0c2ff9da369af19fa6f3daa4f09671fd61",
                "sha256:a599669fd7c47233438a56936988a2478685e74854088ef5293802123b5b2460",
                "sha256:a743e5a28af5f70f9c080380a5f908d4d21d40e8f0e0c8901604d15cfa9ba751",
                "sha256:a77def80806c421b4b0af06f45d65a136e7ac0bdca3c09d9e2ea4e515367c7e9",
                "sha256:aac0411d20e345dc0920bdec5548e438e999ff68d77564d5e9463a7ca9d3e7b1",
                "sha256:ae15b066e5ad21366600ebec29a7ccbc86812ed267e4b28e860b8ca16a2bc474",
                "sha256:be36e3d172dc816333f33520154d708a2657ea63762ec16b62ece02ab5e4daf2",
                "sha256:c8146669223164fc87a7e3de9f81e9423c67a79d6b3447994dfb9c95da16e2d6",
                "sha256:c8fd5270e906eef71d4a8d19b7c6a43760c6abcfcc10c9101d14eb2357418de9",
                "sha256:caf9ee9a5775f3111642d33b86237b05808dafcd6268faa492250e9b78046eb2",
                "sha256:cdad5b9014d83ca68c25d2e9444e28e967ef16e80f6b436918c700c117a85467",
                "sha256:cdbc1fc1bc0bff1cef838eafe581b55bfbffaed4ed0318b724d0b71d4d377619",
                "sha256:ceb64bbc6eac5a140ca649003756940f8d6a7c444a68af170b3187623b43bebf",
                "sha256:d0c5516f0aed654134a2fc936325cc2e642f8a0e096d075209672eb321cff408",
                "sha256:d143fd47fad1db3d7c27a1b1d66162e855b5d50a89666af46e1679c496e8e579",
                "sha256:d192f0f30804e55db0d0e0a35d83a9fead0e9a359a9ed0285dbacea60cc10a84",
                "sha256:db85ecf4e609a48f4b29055f1e144231b90edc90af7481aa731ba2d059226b1b",
                "sha256:de6551e370ef19f8de1807d0a9aa2cdfdce2e85ce88b122fe9f6b2b076837e59",
                "sha256:e1140c64812cb9b06c922e77f1c26a75ec5e3f0fb2bf92cc8c58720dec276752",
                "sha256:e6a904cb26bfefc2f0a6f240bdf5233be78cd2488900a2f846f3c3ac8489ab80",
                "sha256:e84799f09591700a4154154cab9787452925578841a94321d5ee8fb9a9a328f0",
                "sha256:e93dfc1a1165e385cc8239fab7c036fb2cd8093728cbd85097b284d7b99249a2",
                "sha256:efa8b278894b14d6da122a72fefcebc28445f2d3f880ac59d46c90f4c13be9a3",
                "sha256:f0d8a7a6b5983c2496e364b969f0e526647a06b075d034f3297dc66f3b360c64",
                "sha256:f296c40e23065d0d6650c4aefe7470d2a25fffda489bcc3eb66083f3ac9f6643",
                "sha256:f66b5337fa213f1da0d9000bc8dc0cb5b896b726eefd9c6046f699b169c41b9e",
                "sha256:f733d788519c7e3e71f0855c96618720f5d3d60c3cb829d8bbb722dddce37985",
                "sha256:fce1473f3ccc4187f75b4690cfc922628aed4d3dd013d047f95a9b3919a86596",
                "sha256:fd5f17ff8f14003595ab414e45fce13d073e0762394f957182e69035c9f3d7c2",
                "sha256:fdc3ff3bfccdc6b9cc7c342c03aa2400683f0cb891d46e94b64a197910dc4064"
            ],
            "version": "==1.1.0"
        },
        "click": {
            "hashes": [
                "sha256:ae74fb96c20a0277a1d615f1e4d73c8414f5a98db8b799a7931d1582f3390c28",
                "sha256:ca9853ad459e787e2192211578cc907e7594e294c7ccc834310722b41b9ca6de"
            ],
            "markers": "python_version >= '3.7'",
            "version": "==8.1.7"
        },
        "dj-database-url": {
            "hashes": [
                "sha256:3e792567b0aa9a4884860af05fe2aa4968071ad351e033b6db632f97ac6db9de",
                "sha256:9f9b05058ddf888f1e6f840048b8d705ff9395e3b52a07165daa3d8b9360551b"
            ],
            "index": "pypi",
            "version": "==2.2.0"
        },
        "django": {
            "hashes": [
                "sha256:56ab63a105e8bb06ee67381d7b65fe6774f057e41a8bab06c8020c8882d8ecd4",
                "sha256:b5bb1d11b2518a5f91372a282f24662f58f66749666b0a286ab057029f728080"
            ],
            "index": "pypi",
            "version": "==5.0.2"
        },
        "django-appconf": {
            "hashes": [
                "sha256:c3ae442fba1ff7ec830412c5184b17169a7a1e71cf0864a4c3f93cf4c98a1993",
                "sha256:cfe87ea827c4ee04b9a70fab90b86d704cb02f2981f89da8423cb0fabf88efbf"
            ],
            "markers": "python_version >= '3.7'",
            "version": "==1.0.6"
        },
        "django-compressor": {
            "hashes": [
                "sha256:87741edee4e7f24f3e0b8072d94a990cfb010cb2ca7cc443944da8e193cdea65",
                "sha256:c1d8a48a2ee4d8b7f23c411eb9c97e2d88db18a18ba1c9e8178d5f5b8366a822"
            ],
            "index": "pypi",
            "version": "==4.5.1"
        },
        "django-htmx": {
            "hashes": [
                "sha256:875a642814e52278c1728842436beda2001847a493ab79fd82da3fb46ead140f",
                "sha256:e7e17304e78e07f96eca0affc3ce1806edfdf3538bb7cb1912452b101f3e627d"
            ],
            "index": "pypi",
            "version": "==1.19.0"
        },
        "gunicorn": {
            "hashes": [
                "sha256:350679f91b24062c86e386e198a15438d53a7a8207235a78ba1b53df4c4378d9",
                "sha256:4a0b436239ff76fb33f11c07a16482c521a7e09c1ce3cc293c2330afe01bec63"
            ],
            "index": "pypi",
            "version": "==22.0.0"
        },
        "h11": {
            "hashes": [
                "sha256:8f19fbbe99e72420ff35c00b27a34cb9937e902a8b810e2c88300c6f0a3b699d",
                "sha256:e3fe4ac4b851c468cc8363d500db52c2ead036020723024a109d37346efaa761"
            ],
            "markers": "python_version >= '3.7'",
            "version": "==0.14.0"
        },
        "packaging": {
            "hashes": [
                "sha256:026ed72c8ed3fcce5bf8950572258698927fd1dbda10a5e981cdf0ac37f4f002",
                "sha256:5b8f2217dbdbd2f7f384c41c628544e6d52f2d0f53c6d0c3ea61aa5d1d7ff124"
            ],
            "markers": "python_version >= '3.8'",
            "version": "==24.1"
        },
        "psycopg2-binary": {
            "hashes": [
                "sha256:03ef7df18daf2c4c07e2695e8cfd5ee7f748a1d54d802330985a78d2a5a6dca9",
                "sha256:0a602ea5aff39bb9fac6308e9c9d82b9a35c2bf288e184a816002c9fae930b77",
                "sha256:0c009475ee389757e6e34611d75f6e4f05f0cf5ebb76c6037508318e1a1e0d7e",
                "sha256:0ef4854e82c09e84cc63084a9e4ccd6d9b154f1dbdd283efb92ecd0b5e2b8c84",
                "sha256:1236ed0952fbd919c100bc839eaa4a39ebc397ed1c08a97fc45fee2a595aa1b3",
                "sha256:143072318f793f53819048fdfe30c321890af0c3ec7cb1dfc9cc87aa88241de2",
                "sha256:15208be1c50b99203fe88d15695f22a5bed95ab3f84354c494bcb1d08557df67",
                "sha256:1873aade94b74715be2246321c8650cabf5a0d098a95bab81145ffffa4c13876",
                "sha256:18d0ef97766055fec15b5de2c06dd8e7654705ce3e5e5eed3b6651a1d2a9a152",
                "sha256:1ea665f8ce695bcc37a90ee52de7a7980be5161375d42a0b6c6abedbf0d81f0f",
                "sha256:2293b001e319ab0d869d660a704942c9e2cce19745262a8aba2115ef41a0a42a",
                "sha256:246b123cc54bb5361588acc54218c8c9fb73068bf227a4a531d8ed56fa3ca7d6",
                "sha256:275ff571376626195ab95a746e6a04c7df8ea34638b99fc11160de91f2fef503",
                "sha256:281309265596e388ef483250db3640e5f414168c5a67e9c665cafce9492eda2f",
                "sha256:2d423c8d8a3c82d08fe8af900ad5b613ce3632a1249fd6a223941d0735fce493",
                "sha256:2e5afae772c00980525f6d6ecf7cbca55676296b580c0e6abb407f15f3706996",
                "sha256:30dcc86377618a4c8f3b72418df92e77be4254d8f89f14b8e8f57d6d43603c0f",
                "sha256:31a34c508c003a4347d389a9e6fcc2307cc2150eb516462a7a17512130de109e",
                "sha256:323ba25b92454adb36fa425dc5cf6f8f19f78948cbad2e7bc6cdf7b0d7982e59",
                "sha256:34eccd14566f8fe14b2b95bb13b11572f7c7d5c36da61caf414d23b91fcc5d94",
                "sha256:3a58c98a7e9c021f357348867f537017057c2ed7f77337fd914d0bedb35dace7",
                "sha256:3f78fd71c4f43a13d342be74ebbc0666fe1f555b8837eb113cb7416856c79682",
                "sha256:4154ad09dac630a0f13f37b583eae260c6aa885d67dfbccb5b02c33f31a6d420",
                "sha256:420f9bbf47a02616e8554e825208cb947969451978dceb77f95ad09c37791dae",
                "sha256:4686818798f9194d03c9129a4d9a702d9e113a89cb03bffe08c6cf799e053291",
                "sha256:57fede879f08d23c85140a360c6a77709113efd1c993923c59fde17aa27599fe",
                "sha256:60989127da422b74a04345096c10d416c2b41bd7bf2a380eb541059e4e999980",
                "sha256:64cf30263844fa208851ebb13b0732ce674d8ec6a0c86a4e160495d299ba3c93",
                "sha256:68fc1f1ba168724771e38bee37d940d2865cb0f562380a1fb1ffb428b75cb692",
                "sha256:6e6f98446430fdf41bd36d4faa6cb409f5140c1c2cf58ce0bbdaf16af7d3f119",
                "sha256:729177eaf0aefca0994ce4cffe96ad3c75e377c7b6f4efa59ebf003b6d398716",
                "sha256:72dffbd8b4194858d0941062a9766f8297e8868e1dd07a7b36212aaa90f49472",
                "sha256:75723c3c0fbbf34350b46a3199eb50638ab22a0228f93fb472ef4d9becc2382b",
                "sha256:77853062a2c45be16fd6b8d6de2a99278ee1d985a7bd8b103e97e41c034006d2",
                "sha256:78151aa3ec21dccd5cdef6c74c3e73386dcdfaf19bced944169697d7ac7482fc",
                "sha256:7f01846810177d829c7692f1f5ada8096762d9172af1b1a28d4ab5b77c923c1c",
                "sha256:804d99b24ad523a1fe18cc707bf741670332f7c7412e9d49cb5eab67e886b9b5",
                "sha256:81ff62668af011f9a48787564ab7eded4e9fb17a4a6a74af5ffa6a457400d2ab",
                "sha256:8359bf4791968c5a78c56103702000105501adb557f3cf772b2c207284273984",
                "sha256:83791a65b51ad6ee6cf0845634859d69a038ea9b03d7b26e703f94c7e93dbcf9",
                "sha256:8532fd6e6e2dc57bcb3bc90b079c60de896d2128c5d9d6f24a63875a95a088cf",
                "sha256:876801744b0dee379e4e3c38b76fc89f88834bb15bf92ee07d94acd06ec890a0",
                "sha256:8dbf6d1bc73f1d04ec1734bae3b4fb0ee3cb2a493d35ede9badbeb901fb40f6f",
                "sha256:8f8544b092a29a6ddd72f3556a9fcf249ec412e10ad28be6a0c0d948924f2212",
                "sha256:911dda9c487075abd54e644ccdf5e5c16773470a6a5d3826fda76699410066fb",
                "sha256:977646e05232579d2e7b9c59e21dbe5261f403a88417f6a6512e70d3f8a046be",
                "sha256:9dba73be7305b399924709b91682299794887cbbd88e38226ed9f6712eabee90",
                "sha256:a148c5d507bb9b4f2030a2025c545fccb0e1ef317393eaba42e7eabd28eb6041",
                "sha256:a6cdcc3ede532f4a4b96000b6362099591ab4a3e913d70bcbac2b56c872446f7",
                "sha256:ac05fb791acf5e1a3e39402641827780fe44d27e72567a000412c648a85ba860",
                "sha256:b0605eaed3eb239e87df0d5e3c6489daae3f7388d455d0c0b4df899519c6a38d",
                "sha256:b58b4710c7f4161b5e9dcbe73bb7c62d65670a87df7bcce9e1faaad43e715245",
                "sha256:b6356793b84728d9d50ead16ab43c187673831e9d4019013f1402c41b1db9b27",
                "sha256:b76bedd166805480ab069612119ea636f5ab8f8771e640ae103e05a4aae3e417",
                "sha256:bc7bb56d04601d443f24094e9e31ae6deec9ccb23581f75343feebaf30423359",
                "sha256:c2470da5418b76232f02a2fcd2229537bb2d5a7096674ce61859c3229f2eb202",
                "sha256:c332c8d69fb64979ebf76613c66b985414927a40f8defa16cf1bc028b7b0a7b0",
                "sha256:c6af2a6d4b7ee9615cbb162b0738f6e1fd1f5c3eda7e5da17861eacf4c717ea7",
                "sha256:c77e3d1862452565875eb31bdb45ac62502feabbd53429fdc39a1cc341d681ba",
                "sha256:ca08decd2697fdea0aea364b370b1249d47336aec935f87b8bbfd7da5b2ee9c1",
                "sha256:ca49a8119c6cbd77375ae303b0cfd8c11f011abbbd64601167ecca18a87e7cdd",
                "sha256:cb16c65dcb648d0a43a2521f2f0a2300f40639f6f8c1ecbc662141e4e3e1ee07",
                "sha256:d2997c458c690ec2bc6b0b7ecbafd02b029b7b4283078d3b32a852a7ce3ddd98",
                "sha256:d3f82c171b4ccd83bbaf35aa05e44e690113bd4f3b7b6cc54d2219b132f3ae55",
                "sha256:dc4926288b2a3e9fd7b50dc6a1909a13bbdadfc67d93f3374d984e56f885579d",
                "sha256:ead20f7913a9c1e894aebe47cccf9dc834e1618b7aa96155d2091a626e59c972",
                "sha256:ebdc36bea43063116f0486869652cb2ed7032dbc59fbcb4445c4862b5c1ecf7f",
                "sha256:ed1184ab8f113e8d660ce49a56390ca181f2981066acc27cf637d5c1e10ce46e",
                "sha256:ee825e70b1a209475622f7f7b776785bd68f34af6e7a46e2e42f27b659b5bc26",
                "sha256:f7ae5d65ccfbebdfa761585228eb4d0df3a8b15cfb53bd953e713e09fbb12957",
                "sha256:f7fc5a5acafb7d6ccca13bfa8c90f8c51f13d8fb87d95656d3950f0158d3ce53",
                "sha256:f9b5571d33660d5009a8b3c25dc1db560206e2d2f89d3df1cb32d72c0d117d52"
            ],
            "index": "pypi",
            "version": "==2.9.9"
        },
        "rcssmin": {
            "hashes": [
                "sha256:0101a55992ded00220d38ebaf003d0858c1e6e8b365df6f18f9d7a2cdc5574b3",
                "sha256:0451a2c7e7c1ff893ecb7820de862f2ea6336cc69d473ecb0206212e49c817fc",
                "sha256:065b7f85902c87011951b1d084fa694099d70feb6bef1c3e89456a1a0668c73b",
                "sha256:140d1c0ba21fb8c3a2bafae164540a6816e8ec3492bea6ace0c52eebd2cf303f",
                "sha256:19e48f7f66a3fa329215a02b3a952737b0b12f9976cd79ff2c236f96960d71d1",
                "sha256:1c1d9a24132f4c48d080a59c20fce99a4fd9c393eb63f9779f2497ae28992de1",
                "sha256:20f8592341960b031967f7ada165e6c8077dfc01eb4092fb970a5a4e64506695",
                "sha256:2219d704f27006ecd17ef4b5744cac5f68a276be0889b114130660fb798f3583",
                "sha256:283b5931eb25e159c0c37bba0717cf3ada2ff77a2827337790cd3921d33ae1eb",
                "sha256:2b6a19926f7257ebb7d23040bb0ace05fa43dff7b60d8a9c35bfdf551fa57686",
                "sha256:2d39b277a568f6208a4beea237c2d1188bd680deaff39f3742278462645a87ed",
                "sha256:3a860a1f4304e9813900f70fe6b1d429aff73a6fa30ef07f345f68d0a4e33abc",
                "sha256:3ab50d50ecbfa41d8984b545871df447c90a0c55e16a594e0c97057eb694a7af",
                "sha256:47d4d5d67f9ab8f18a6412f8eff843612ebddfff131260fd25a0b273a3d3b1a0",
                "sha256:4cf7de426fbcce30df31261c1ce84d06fb2ae2f239b0c16ab7e9e083e0462432",
                "sha256:50576521c1e08e8f137225b8a6e8ae88e867f53dfd82c537616591c67f112aad",
                "sha256:5f602bcaa457680a89904c10d1a539ffae5d4de08ec61a2044efc93c9a743860",
                "sha256:657324bfb76fa9e97badabe26af97a1622446f33c9073dd0510c7c7e8c7b96da",
                "sha256:69283a445483ac439af10ca9f50463c3770ef79a99833af7d5105c75f8ab3c5d",
                "sha256:754c3cab791da42cabfd430289dd991183d2e97f6c36a758ac4fd83c6998cb77",
                "sha256:82aad2c3526055956fba537ab067ad937b3f57a1bd13c89bf691fced9c24c89d",
                "sha256:83dd2c3f7b70fae9c97bab99fd7a709dc852f0bc3e7482f8cfb378e0c5f1aed8",
                "sha256:8eddfed4ac175a97eb228a289f820ff1bffcc3db7c63345e4590a49de7051244",
                "sha256:997d3f6defd707f8a7bd39cedb765cedbf9c790ed0bc1f1c8fb65f4026007021",
                "sha256:9c9688d42654f06535a2a052a0c2f02989b9052149f6cd3263ed320a10379657",
                "sha256:9d7a5c6a08948ae5d7e1422ac34031fc05242786e6b600b37948412ee16f3655",
                "sha256:a0e353ecbfde3dba0a6579a674fc1dcdc1ff7e47ceff3b29beb6e235b53a981c",
                "sha256:a5e758c8db03a57fef847542bf14d96da75913cc0e2495540c018943c1f2d142",
                "sha256:a8856db4529e524a632478d88f34d075ec7e772804257d9b99071b8bdd5f3733",
                "sha256:a8e4c1bfa110d450970df60d904feab71c287e777a3cf522fd20e766483c8ce4",
                "sha256:b3577e4955b89324cd8214ae8e9c2ce452197ea2f789527538cf41e662930495",
                "sha256:b37db48eacf5b8ad09ee14eb25db8cc7176ce2339c1028499547858c152a936a",
                "sha256:bc2d0ccf449f3f4c385789c9e7898f77fa40f88211cc7d385502f5ea11bc36f4",
                "sha256:bc75eb75bd6d345c0c51fd80fc487ddd6f9fd409dd7861b3fe98dee85018e1e9",
                "sha256:c9a55657a3d11c5901259b14f941ed7eec118cd5a4416535102eda491de6753f",
                "sha256:ce4fce4b3f0cf3621f13f6b8aebbe6c90de3587e383d13dbc7c4c1576f27fda8",
                "sha256:d1c9efc26682ff610194a0c56b0f192355136e066ff78683806778f0bc5e5093",
                "sha256:d40964dc7fbd74be30b1ef5543bb75c479a53d53362ecccba3f1a5de6453faca",
                "sha256:d59a28d6819ad43ed660dfcdf297593f04e8bc227d7abd9548f12a16d6e645f1",
                "sha256:d9384421d8cb516202349da7b6502d77df14860fa710f91dbe0b03b3b895dda3",
                "sha256:e3ad642a1bfcbbddc3c36ad4c5676ef53267dd7c193c746a2f6670fe5bd03a60",
                "sha256:e58a54e63f79c996284240ec2dfb2992e8b90ad8941b1c70997e256b65940de7",
                "sha256:e5f08c79991c8ee0aa7064aa58ae92b0811d4a84948636ec0219b39d257470aa",
                "sha256:ef0d472d8f6b8271fef3e388f98085a257703a635556a3ea77287616ab594ea9",
                "sha256:f1468ccbfe16a2b4cff5bc0d330488bb496f71b542d26bd2005b2ab05a295752",
                "sha256:f363c9d242e1afce4fafbbf6bed52452464b19199e66075bed606764f31ca329",
                "sha256:fdffd58868a752cac0400249ce21bddf55e00d3206f8885d4a3aca1dab487070"
            ],
            "version": "==1.1.2"
        },
        "rjsmin": {
            "hashes": [
                "sha256:02b61cf9b6bc518fdac667f3ca3dab051cb8bd1bf4cba28b6d29153ec27990ad",
                "sha256:0424a7b9096fa2b0ab577c4dc7acd683e6cfb5c718ad39a9fb293cb6cbaba95b",
                "sha256:076adcf04c34f712c9427fd9ba6a75bbf7aab975650dfc78cbdd0fbdbe49ca63",
                "sha256:09eca8581797244587916e5e07e36c4c86d54a4b7e5c7697484a95b75803515d",
                "sha256:155a2f3312c1f8c6cec7b5080581cafc761dc0e41d64bfb5d46a772c5230ded8",
                "sha256:1714ed93c2bd40c5f970905d2eeda4a6844e09087ae11277d4d43b3e68c32a47",
                "sha256:27abd32c9f5b6e0c0a3bcad43e8e24108c6d6c13a4e6c50c97497ea2b4614bb4",
                "sha256:2c24686cfdf86e55692183f7867e72c9e982add479c244eda7b8390f96db2c6c",
                "sha256:2fd5254d36f10a17564b63e8bf9ac579c7b5f211364e11e9753ff5b562843c67",
                "sha256:35596fa6d2d44a5471715c464657123995da78aa6f79bccfbb4b8d6ff7d0a4b4",
                "sha256:3968667158948355b9a62e9641497aac7ac069c076a595e93199d0fe3a40217a",
                "sha256:3aa09a89b2b7aa2b9251329fe0c3e36c2dc2f10f78b8811e5be92a072596348b",
                "sha256:3fc27ae4ece99e2c994cd79df2f0d3f7ac650249f632d19aa8ce85118e33bf0f",
                "sha256:41113d8d6cae7f7406b30143cc49cc045bbb3fadc2f28df398cea30e1daa60b1",
                "sha256:41e6013cb37a5b3563c19aa35f8e659fa536aa4197a0e3b6a57a381638294a15",
                "sha256:4420107304ba7a00b5b9b56cdcd166b9876b34e626829fc4552c85d8fdc3737a",
                "sha256:4fe4ce990412c053a6bcd47d55133927e22fd3d100233d73355f60f9053054c5",
                "sha256:5938af8c46734f92f74fdc4d0b6324137c0e09f0a8c3825c83e4cfca1b532e40",
                "sha256:5abb8d1241f4ea97950b872fa97a422ba8413fe02358f64128ff0cf745017f07",
                "sha256:5abc686a9ef7eaf208f9ad1fb5fb949556ecb7cc1fee27290eb7f194e01d97bd",
                "sha256:62cbd38c9f5090f0a6378a45c415b4f96ae871216cedab0dfa21965620c0be4c",
                "sha256:6c0d9f9ea8d9cd48cbcdc74a1c2e85d4d588af12bb8f0b672070ae7c9b6e6306",
                "sha256:6cf0309d001a0d45d731dbaab1afd0c23d135c9e029fe56c935c1798094686fc",
                "sha256:6eae13608b88f4ce32e0557c8fdef58e69bb4d293182202a03e800f0d33b5268",
                "sha256:6f4e95c5ac95b4cbb519917b3aa1d3d92fc6939c371637674c4a42b67b2b3f44",
                "sha256:7999d797fcf805844d2d91598651785497249f592f31674da0964e794b3be019",
                "sha256:7a8b56fbd64adcc4402637f0e07b90b441e9981d720a10eb6265118018b42682",
                "sha256:81f92fb855fb613ebd04a6d6d46483e71fe3c4f22042dc30dcc938fbd748e59c",
                "sha256:86c5e657b74b6c9482bb96f18a79d61750f4e8204759cce179f7eb17d395c683",
                "sha256:88f59ad24f91bf9c25d5c2ca3c84a72eed0028f57a98e3b85a915ece5c25be1e",
                "sha256:88fcb58d65f88cbfa752d51c1ebe5845553f9706def6d9671e98283411575e3e",
                "sha256:897db9bf25538047e9388951d532dc291a629b5d041180a8a1a8c102e9d44b90",
                "sha256:8982c3ef27fac26dd6b7d0c55ae98fa550fee72da2db010b87211e4b5dd78a67",
                "sha256:8c1bcd821143fecf23242012b55e13610840a839cd467b358f16359010d62dae",
                "sha256:8c2c30b86c7232443a4a726e1bbee34f800556e581e95fc07194ecbf8e02d1d2",
                "sha256:8cb8947ddd250fce58261b0357846cd5d55419419c0f7dfb131dc4b733579a26",
                "sha256:9069c48b6508b9c5b05435e2c6042c2a0e2f97b35d7b9c27ceaea5fd377ffdc5",
                "sha256:9b7a45001e58243a455d11d2de925cadb8c2a0dc737001de646a0f4d90cf0034",
                "sha256:a78dfa6009235b902454ac53264252b7b94f1e43e3a9e97c4cadae88e409b882",
                "sha256:aa883b9363b5134239066060879d5eb422a0d4ccf24ccf871f65a5b34c64926f",
                "sha256:ae3cd64e18e62aa330b24dd6f7b9809ce0a694afd1f01fe99c21f9acd1cb0ea6",
                "sha256:bfbe333dab8d23f0a71da90e2d8e8b762a739cbd55a6f948b2dfda089b6d5853",
                "sha256:c52b9dd45c837f1c5c2e8d40776f9e63257f8dbd5f79b85f648cc70da6c1e4e9",
                "sha256:ccca74461bd53a99ff3304fcf299ea861df89846be3207329cb82d717ce47ea6",
                "sha256:d07d14354694f6a47f572f2aa2a1ad74b76723e62a0d2b6df796138b71888247",
                "sha256:e0e009f6f8460901f5144b34ac2948f94af2f9b8c9b5425da705dbc8152c36c2",
                "sha256:e733fea039a7b5ad7c06cc8bf215ee7afac81d462e273b3ab55c1ccc906cf127"
            ],
            "version": "==1.2.2"
        },
        "sqlparse": {
            "hashes": [
                "sha256:5430a4fe2ac7d0f93e66f1efc6e1338a41884b7ddf2a350cedd20ccc4d9d28f3",
                "sha256:d446183e84b8349fa3061f0fe7f06ca94ba65b426946ffebe6e3e8295332420c"
            ],
            "index": "pypi",
            "version": "==0.4.4"
        },
        "typing-extensions": {
            "hashes": [
                "sha256:04e5ca0351e0f3f85c6853954072df659d0d13fac324d0072316b67d7794700d",
                "sha256:1a7ead55c7e559dd4dee8856e3a88b41225abfe1ce8df57b7c13915fe121ffb8"
            ],
            "markers": "python_version >= '3.8'",
            "version": "==4.12.2"
        },
        "uvicorn": {
            "hashes": [
                "sha256:ac6fdbd4425c5fd17a9fe39daf4d4d075da6fdc80f653e5894cdc2fd98752bee",
                "sha256:b2d86de274726e9878188fa07576c9ceeff90a839e2b6e25c917fe05f5a6c835"
            ],
            "index": "pypi",
            "version": "==0.30.5"
        },
        "whitenoise": {
            "extras": [
                "brotli"
            ],
            "hashes": [
                "sha256:58c7a6cd811e275a6c91af22e96e87da0b1109e9a53bb7464116ef4c963bf636",
                "sha256:a1ae85e01fdc9815d12fa33f17765bc132ed2c54fa76daf9e39e879dd93566f6"
            ],
            "index": "pypi",
            "version": "==6.7.0"
        }
    },
    "develop": {}
}
